
Microsoft Visual Studio Solution File, Format Version 12.00
# Visual Studio Version 17
VisualStudioVersion = 17.9.34407.89
MinimumVisualStudioVersion = 10.0.40219.1
Project("{2150E333-8FDC-42A3-9474-1A3956D46DE8}") = "1.1", "1.1", "{79CBBC10-632A-418E-99E5-604D2D14B491}"
EndProject
Project("{9A19103F-16F7-4668-BE54-9A1E7A4F7556}") = "Demo", "1.1\Demo\Demo.csproj", "{D04023ED-27E6-4454-BD50-98CD49BB8BB4}"
EndProject
Project("{2150E333-8FDC-42A3-9474-1A3956D46DE8}") = "1.2", "1.2", "{F7D72C65-6A72-465F-86BB-FAB307D5E5FF}"
EndProject
Project("{FAE04EC0-301F-11D3-BF4B-00C04F79EFBC}") = "Demo", "1.2\Demo\Demo.csproj", "{6534CACF-D08B-42E4-B25A-853B06CDAF4F}"
EndProject
Global
	GlobalSection(SolutionConfigurationPlatforms) = preSolution
		Debug|Any CPU = Debug|Any CPU
		Release|Any CPU = Release|Any CPU
	EndGlobalSection
	GlobalSection(ProjectConfigurationPlatforms) = postSolution
		{D04023ED-27E6-4454-BD50-98CD49BB8BB4}.Debug|Any CPU.ActiveCfg = Debug|Any CPU
		{D04023ED-27E6-4454-BD50-98CD49BB8BB4}.Debug|Any CPU.Build.0 = Debug|Any CPU
		{D04023ED-27E6-4454-BD50-98CD49BB8BB4}.Release|Any CPU.ActiveCfg = Release|Any CPU
		{D04023ED-27E6-4454-BD50-98CD49BB8BB4}.Release|Any CPU.Build.0 = Release|Any CPU
		{6534CACF-D08B-42E4-B25A-853B06CDAF4F}.Debug|Any CPU.ActiveCfg = Debug|Any CPU
		{6534CACF-D08B-42E4-B25A-853B06CDAF4F}.Debug|Any CPU.Build.0 = Debug|Any CPU
		{6534CACF-D08B-42E4-B25A-853B06CDAF4F}.Release|Any CPU.ActiveCfg = Release|Any CPU
		{6534CACF-D08B-42E4-B25A-853B06CDAF4F}.Release|Any CPU.Build.0 = Release|Any CPU
	EndGlobalSection
	GlobalSection(SolutionProperties) = preSolution
		HideSolutionNode = FALSE
	EndGlobalSection
	GlobalSection(NestedProjects) = preSolution
		{D04023ED-27E6-4454-BD50-98CD49BB8BB4} = {79CBBC10-632A-418E-99E5-604D2D14B491}
		{6534CACF-D08B-42E4-B25A-853B06CDAF4F} = {F7D72C65-6A72-465F-86BB-FAB307D5E5FF}
	EndGlobalSection
	GlobalSection(ExtensibilityGlobals) = postSolution
		SolutionGuid = {5A4A1AB5-3464-4A74-90EB-C4CA4F70B612}
	EndGlobalSection
EndGlobal
